
Microsoft Visual Studio Solution File, Format Version 12.00
# Visual Studio Version 17
VisualStudioVersion = 17.14.36623.8 d17.14
MinimumVisualStudioVersion = 10.0.40219.1
Project("{FAE04EC0-301F-11D3-BF4B-00C04F79EFBC}") = "ResinTimer", "ResinTimer\ResinTimer.csproj", "{05A87EB1-BC7E-402D-86B4-9AF1FFCE4666}"
EndProject
Global
	GlobalSection(SolutionConfigurationPlatforms) = preSolution
		Debug|Any CPU = Debug|Any CPU
		Release|Any CPU = Release|Any CPU
	EndGlobalSection
	GlobalSection(ProjectConfigurationPlatforms) = postSolution
		{05A87EB1-BC7E-402D-86B4-9AF1FFCE4666}.Debug|Any CPU.ActiveCfg = Debug|Any CPU
		{05A87EB1-BC7E-402D-86B4-9AF1FFCE4666}.Debug|Any CPU.Build.0 = Debug|Any CPU
		{05A87EB1-BC7E-402D-86B4-9AF1FFCE4666}.Release|Any CPU.ActiveCfg = Release|Any CPU
		{05A87EB1-BC7E-402D-86B4-9AF1FFCE4666}.Release|Any CPU.Build.0 = Release|Any CPU
	EndGlobalSection
	GlobalSection(SolutionProperties) = preSolution
		HideSolutionNode = FALSE
	EndGlobalSection
	GlobalSection(ExtensibilityGlobals) = postSolution
		SolutionGuid = {9BC127FE-4857-473C-B844-05FC9AD0D8D8}
	EndGlobalSection
EndGlobal
